%{
  "approximate_histogram": {:hex, :approximate_histogram, "0.1.1", "198eb36681e763ed4baab6ca0682acec4ef642f60ba272f251d3059052f4f378", [:mix], [], "hexpm"},
  "arc": {:hex, :arc, "0.8.0", "bb7cf8ea50f30f9c2bb357270c074def42a7ec6a3b4605be731cc5faf8fde6fd", [:mix], [{:ex_aws, "~> 1.1", [hex: :ex_aws, repo: "hexpm", optional: true]}, {:httpoison, "~> 0.11", [hex: :httpoison, repo: "hexpm", optional: false]}, {:poison, "~> 2.2 or ~> 3.1", [hex: :poison, repo: "hexpm", optional: true]}, {:sweet_xml, "~> 0.6", [hex: :sweet_xml, repo: "hexpm", optional: true]}], "hexpm"},
  "arc_ecto": {:hex, :arc_ecto, "0.7.0", "428ed7ea4ed0be8996d8fc6e9f651d3e26fe9c9063f26cbf6731c865369845d3", [:mix], [{:arc, "~> 0.8.0", [hex: :arc, repo: "hexpm", optional: false]}, {:ecto, "~> 2.0", [hex: :ecto, repo: "hexpm", optional: false]}], "hexpm"},
  "bamboo": {:hex, :bamboo, "0.8.0", "573889a3efcb906bb9d25a1c4caa4ca22f479235e1b8cc3260d8b88dabeb4b14", [:mix], [{:hackney, "~> 1.6", [hex: :hackney, repo: "hexpm", optional: false]}, {:plug, "~> 1.0", [hex: :plug, repo: "hexpm", optional: false]}, {:poison, ">= 1.5.0", [hex: :poison, repo: "hexpm", optional: false]}], "hexpm"},
  "bamboo_postmark": {:hex, :bamboo_postmark, "0.4.1", "2ec8fad4d221944f5169ea4346e6e1aef3578282c352c9f7184306d872aa1c26", [:mix], [{:bamboo, "~> 0.5", [hex: :bamboo, repo: "hexpm", optional: false]}, {:hackney, "~> 1.6", [hex: :hackney, repo: "hexpm", optional: false]}, {:plug, "~> 1.0", [hex: :plug, repo: "hexpm", optional: false]}, {:poison, ">= 1.5.0", [hex: :poison, repo: "hexpm", optional: false]}], "hexpm"},
  "base64url": {:hex, :base64url, "0.0.1", "36a90125f5948e3afd7be97662a1504b934dd5dac78451ca6e9abf85a10286be", [:rebar], [], "hexpm"},
  "bcrypt_elixir": {:hex, :bcrypt_elixir, "0.12.1", "41ff5a4739fcff365fe840637462dc9e22beac07a9dcf3cb5e79b127f5b3a099", [:make, :mix], [{:elixir_make, "~> 0.4", [hex: :elixir_make, repo: "hexpm", optional: false]}], "hexpm"},
  "calecto": {:hex, :calecto, "0.16.2", "d64d5e2c0c47a324f24861c16743066733c6e66d6ecaf9ddc2d69790c6b7af1f", [:mix], [{:calendar, "~> 0.16", [hex: :calendar, repo: "hexpm", optional: false]}, {:ecto, "~> 1.1.3 or ~> 2.0", [hex: :ecto, repo: "hexpm", optional: false]}], "hexpm"},
  "calendar": {:hex, :calendar, "0.17.3", "eb5db3142cb808ce1d6d604e61d50e50bc0576da03cb9202b0993e97e8045d37", [:mix], [{:tzdata, "~> 0.5.8 or ~> 0.1.201603", [hex: :tzdata, repo: "hexpm", optional: false]}], "hexpm"},
  "calendar_translations": {:hex, :calendar_translations, "0.0.4", "f2700fd2f7bb81b01fed3af19589cdbb8aacd3f8cf6d115a299024e98ee231c3", [:mix], [{:calendar, "~> 0.11", [hex: :calendar, repo: "hexpm", optional: false]}], "hexpm"},
  "certifi": {:hex, :certifi, "2.3.1", "d0f424232390bf47d82da8478022301c561cf6445b5b5fb6a84d49a9e76d2639", [:rebar3], [{:parse_trans, "3.2.0", [hex: :parse_trans, repo: "hexpm", optional: false]}], "hexpm"},
  "cidr": {:hex, :cidr, "1.1.0", "77ab79e3d694d6d315c2e7dea1c66710623488ab7595316d3e2987aebe0def25", [:mix], [], "hexpm"},
  "combine": {:hex, :combine, "0.9.6", "8d1034a127d4cbf6924c8a5010d3534d958085575fa4d9b878f200d79ac78335", [:mix], [], "hexpm"},
  "comeonin": {:hex, :comeonin, "4.0.0", "a830a86c9e1646f6dab82b1c602681ec365135b75ea04638bdd5b3ed5221e39b", [:mix], [{:argon2_elixir, "~> 1.2", [hex: :argon2_elixir, repo: "hexpm", optional: true]}, {:bcrypt_elixir, "~> 0.12", [hex: :bcrypt_elixir, repo: "hexpm", optional: true]}, {:pbkdf2_elixir, "~> 0.12", [hex: :pbkdf2_elixir, repo: "hexpm", optional: true]}], "hexpm"},
  "connection": {:hex, :connection, "1.0.4", "a1cae72211f0eef17705aaededacac3eb30e6625b04a6117c1b2db6ace7d5976", [:mix], [], "hexpm"},
  "cowboy": {:hex, :cowboy, "1.1.2", "61ac29ea970389a88eca5a65601460162d370a70018afe6f949a29dca91f3bb0", [:rebar3], [{:cowlib, "~> 1.0.2", [hex: :cowlib, repo: "hexpm", optional: false]}, {:ranch, "~> 1.3.2", [hex: :ranch, repo: "hexpm", optional: false]}], "hexpm"},
  "cowlib": {:hex, :cowlib, "1.0.2", "9d769a1d062c9c3ac753096f868ca121e2730b9a377de23dec0f7e08b1df84ee", [:make], [], "hexpm"},
  "crutches": {:hex, :crutches, "1.0.0", "34675f0c88f25a3a6d2a77912194beaece9bf835f9f2f5627027b4a19125aaa6", [:mix], [], "hexpm"},
  "db_connection": {:hex, :db_connection, "1.1.2", "2865c2a4bae0714e2213a0ce60a1b12d76a6efba0c51fbda59c9ab8d1accc7a8", [:mix], [{:connection, "~> 1.0.2", [hex: :connection, repo: "hexpm", optional: false]}, {:poolboy, "~> 1.5", [hex: :poolboy, repo: "hexpm", optional: true]}, {:sbroker, "~> 1.0", [hex: :sbroker, repo: "hexpm", optional: true]}], "hexpm"},
  "decimal": {:hex, :decimal, "1.4.0", "fac965ce71a46aab53d3a6ce45662806bdd708a4a95a65cde8a12eb0124a1333", [:mix], [], "hexpm"},
  "decorator": {:hex, :decorator, "1.2.0", "b2440e8865a0b2a99db733880e0183319a1959197943376eef3e9231d491e777", [:mix], []},
  "ecto": {:hex, :ecto, "2.1.6", "29b45f393c2ecd99f83e418ea9b0a2af6078ecb30f401481abac8a473c490f84", [:mix], [{:db_connection, "~> 1.1", [hex: :db_connection, repo: "hexpm", optional: true]}, {:decimal, "~> 1.2", [hex: :decimal, repo: "hexpm", optional: false]}, {:mariaex, "~> 0.8.0", [hex: :mariaex, repo: "hexpm", optional: true]}, {:poison, "~> 2.2 or ~> 3.0", [hex: :poison, repo: "hexpm", optional: true]}, {:poolboy, "~> 1.5", [hex: :poolboy, repo: "hexpm", optional: false]}, {:postgrex, "~> 0.13.0", [hex: :postgrex, repo: "hexpm", optional: true]}, {:sbroker, "~> 1.0", [hex: :sbroker, repo: "hexpm", optional: true]}], "hexpm"},
  "elixir_make": {:hex, :elixir_make, "0.4.0", "992f38fabe705bb45821a728f20914c554b276838433349d4f2341f7a687cddf", [:mix], [], "hexpm"},
  "ex_aws": {:hex, :ex_aws, "1.1.3", "08f3905e75ff0bb84f3e99156662e1620ba63e55a337eed6ab91d38d4f8f5a10", [:mix], [{:configparser_ex, "~> 0.2.1", [hex: :configparser_ex, repo: "hexpm", optional: true]}, {:hackney, "1.6.3 or 1.6.5 or 1.7.1 or 1.8.6", [hex: :hackney, repo: "hexpm", optional: true]}, {:jsx, "~> 2.8", [hex: :jsx, repo: "hexpm", optional: true]}, {:poison, ">= 1.2.0", [hex: :poison, repo: "hexpm", optional: true]}, {:sweet_xml, "~> 0.6", [hex: :sweet_xml, repo: "hexpm", optional: true]}, {:xml_builder, "~> 0.0.6", [hex: :xml_builder, repo: "hexpm", optional: true]}], "hexpm"},
  "ex_machina": {:hex, :ex_machina, "2.0.0", "ec284c6f57233729cea9319e083f66e613e82549f78eccdb2059aeba5d0df9f3", [:mix], [{:ecto, "~> 2.1", [hex: :ecto, repo: "hexpm", optional: true]}], "hexpm"},
  "fs": {:hex, :fs, "0.9.2", "ed17036c26c3f70ac49781ed9220a50c36775c6ca2cf8182d123b6566e49ec59", [:rebar], [], "hexpm"},
  "gen_stage": {:hex, :gen_stage, "0.8.0", "a76e3f0530f86fae8b8a1021c06527b1ec171cf4c0bdfecd8d5ad0376d1205af", [:mix], [], "hexpm"},
  "gettext": {:hex, :gettext, "0.13.1", "5e0daf4e7636d771c4c71ad5f3f53ba09a9ae5c250e1ab9c42ba9edccc476263", [:mix], [], "hexpm"},
  "guardian": {:hex, :guardian, "0.14.5", "6d4e89b673accdacbc092ad000dc7494019426bd898eebf699caf1d19000cdcd", [:mix], [{:jose, "~> 1.8", [hex: :jose, repo: "hexpm", optional: false]}, {:phoenix, "~> 1.2 and < 1.4.0", [hex: :phoenix, repo: "hexpm", optional: true]}, {:plug, "~> 1.3", [hex: :plug, repo: "hexpm", optional: false]}, {:poison, ">= 1.3.0 and < 4.0.0", [hex: :poison, repo: "hexpm", optional: false]}, {:uuid, ">=1.1.1", [hex: :uuid, repo: "hexpm", optional: false]}], "hexpm"},
  "hackney": {:hex, :hackney, "1.13.0", "24edc8cd2b28e1c652593833862435c80661834f6c9344e84b6a2255e7aeef03", [:rebar3], [{:certifi, "2.3.1", [hex: :certifi, repo: "hexpm", optional: false]}, {:idna, "5.1.2", [hex: :idna, repo: "hexpm", optional: false]}, {:metrics, "1.0.1", [hex: :metrics, repo: "hexpm", optional: false]}, {:mimerl, "1.0.2", [hex: :mimerl, repo: "hexpm", optional: false]}, {:ssl_verify_fun, "1.1.1", [hex: :ssl_verify_fun, repo: "hexpm", optional: false]}], "hexpm"},
  "html_sanitize_ex": {:hex, :html_sanitize_ex, "1.3.0", "f005ad692b717691203f940c686208aa3d8ffd9dd4bb3699240096a51fa9564e", [:mix], [{:mochiweb, "~> 2.15", [hex: :mochiweb, repo: "hexpm", optional: false]}], "hexpm"},
  "httpoison": {:hex, :httpoison, "0.12.0", "8fc3d791c5afe6beb0093680c667dd4ce712a49d89c38c3fe1a43100dd76cf90", [:mix], [{:hackney, "~> 1.8.0", [hex: :hackney, repo: "hexpm", optional: false]}], "hexpm"},
  "idna": {:hex, :idna, "5.1.2", "e21cb58a09f0228a9e0b95eaa1217f1bcfc31a1aaa6e1fdf2f53a33f7dbd9494", [:rebar3], [{:unicode_util_compat, "0.3.1", [hex: :unicode_util_compat, repo: "hexpm", optional: false]}], "hexpm"},
  "inet_cidr": {:hex, :inet_cidr, "1.0.3", "53becd1255198cc4be79435581205803ec6dd21ae92a30bc1967676db641fde0", [:mix], [], "hexpm"},
  "jose": {:hex, :jose, "1.8.4", "7946d1e5c03a76ac9ef42a6e6a20001d35987afd68c2107bcd8f01a84e75aa73", [:mix, :rebar3], [{:base64url, "~> 0.0.1", [hex: :base64url, repo: "hexpm", optional: false]}], "hexpm"},
  "kerosene": {:hex, :kerosene, "0.5.0", "1e2c4c20b711b7f1a25b08b07f66fe8bc5c08c17276ac9dc5f25648440362de4", [:mix], [{:ecto, "~> 2.0", [hex: :ecto, optional: false]}, {:phoenix_html, "~> 2.7", [hex: :phoenix_html, optional: false]}, {:plug, "~> 1.0", [hex: :plug, optional: false]}]},
  "meck": {:hex, :meck, "0.8.8", "eeb3efe811d4346e1a7f65b2738abc2ad73cbe1a2c91b5dd909bac2ea0414fa6", [:rebar3], [], "hexpm"},
  "metrics": {:hex, :metrics, "1.0.1", "25f094dea2cda98213cecc3aeff09e940299d950904393b2a29d191c346a8486", [:rebar3], [], "hexpm"},
  "mime": {:hex, :mime, "1.1.0", "01c1d6f4083d8aa5c7b8c246ade95139620ef8effb009edde934e0ec3b28090a", [:mix], [], "hexpm"},
  "mimerl": {:hex, :mimerl, "1.0.2", "993f9b0e084083405ed8252b99460c4f0563e41729ab42d9074fd5e52439be88", [:rebar3], [], "hexpm"},
  "mochiweb": {:hex, :mochiweb, "2.15.0", "e1daac474df07651e5d17cc1e642c4069c7850dc4508d3db7263a0651330aacc", [:rebar3], [], "hexpm"},
  "mock": {:hex, :mock, "0.3.1", "994f00150f79a0ea50dc9d86134cd9ebd0d177ad60bd04d1e46336cdfdb98ff9", [:mix], [{:meck, "~> 0.8.8", [hex: :meck, repo: "hexpm", optional: false]}], "hexpm"},
  "parse_trans": {:hex, :parse_trans, "3.2.0", "2adfa4daf80c14dc36f522cf190eb5c4ee3e28008fc6394397c16f62a26258c2", [:rebar3], [], "hexpm"},
  "pbkdf2_elixir": {:hex, :pbkdf2_elixir, "0.12.0", "8073fa37990b5a6c11e376b0998328e371e908fb0ae3ed5359fc8d6b88d9f2b9", [:mix], [], "hexpm"},
  "phoenix": {:hex, :phoenix, "1.3.0", "1c01124caa1b4a7af46f2050ff11b267baa3edb441b45dbf243e979cd4c5891b", [:mix], [{:cowboy, "~> 1.0", [hex: :cowboy, repo: "hexpm", optional: true]}, {:phoenix_pubsub, "~> 1.0", [hex: :phoenix_pubsub, repo: "hexpm", optional: false]}, {:plug, "~> 1.3.3 or ~> 1.4", [hex: :plug, repo: "hexpm", optional: false]}, {:poison, "~> 2.2 or ~> 3.0", [hex: :poison, repo: "hexpm", optional: false]}], "hexpm"},
  "phoenix_ecto": {:hex, :phoenix_ecto, "3.2.3", "450c749876ff1de4a78fdb305a142a76817c77a1cd79aeca29e5fc9a6c630b26", [:mix], [{:ecto, "~> 2.1", [hex: :ecto, repo: "hexpm", optional: false]}, {:phoenix_html, "~> 2.9", [hex: :phoenix_html, repo: "hexpm", optional: true]}, {:plug, "~> 1.0", [hex: :plug, repo: "hexpm", optional: false]}], "hexpm"},
  "phoenix_html": {:hex, :phoenix_html, "2.10.3", "432dec9e04372eeb7a6dbf59a778cf43eb44518441932217371fa535f2bcfd80", [:mix], [{:plug, "~> 1.0", [hex: :plug, repo: "hexpm", optional: false]}], "hexpm"},
  "phoenix_live_reload": {:hex, :phoenix_live_reload, "1.0.8", "4333f9c74190f485a74866beff2f9304f069d53f047f5fbb0fb8d1ee4c495f73", [:mix], [{:fs, "~> 0.9.1", [hex: :fs, repo: "hexpm", optional: false]}, {:phoenix, "~> 1.0 or ~> 1.2-rc", [hex: :phoenix, repo: "hexpm", optional: false]}], "hexpm"},
  "phoenix_pubsub": {:hex, :phoenix_pubsub, "1.0.2", "bfa7fd52788b5eaa09cb51ff9fcad1d9edfeb68251add458523f839392f034c1", [:mix], [], "hexpm"},
  "plug": {:hex, :plug, "1.4.3", "236d77ce7bf3e3a2668dc0d32a9b6f1f9b1f05361019946aae49874904be4aed", [:mix], [{:cowboy, "~> 1.0.1 or ~> 1.1", [hex: :cowboy, repo: "hexpm", optional: true]}, {:mime, "~> 1.0", [hex: :mime, repo: "hexpm", optional: false]}], "hexpm"},
  "plug_cloudflare": {:hex, :plug_cloudflare, "1.3.0", "5da9f257edb67d98f55e731e5250fd437f940b17c508887022c593eea8215afe", [:mix], [{:cidr, ">= 0.5.0", [hex: :cidr, repo: "hexpm", optional: false]}, {:plug, ">= 1.1.2", [hex: :plug, repo: "hexpm", optional: false]}], "hexpm"},
  "poison": {:hex, :poison, "3.1.0", "d9eb636610e096f86f25d9a46f35a9facac35609a7591b3be3326e99a0484665", [:mix], [], "hexpm"},
  "poolboy": {:hex, :poolboy, "1.5.1", "6b46163901cfd0a1b43d692657ed9d7e599853b3b21b95ae5ae0a777cf9b6ca8", [:rebar], [], "hexpm"},
  "postgrex": {:hex, :postgrex, "0.13.3", "c277cfb2a9c5034d445a722494c13359e361d344ef6f25d604c2353185682bfc", [:mix], [{:connection, "~> 1.0", [hex: :connection, repo: "hexpm", optional: false]}, {:db_connection, "~> 1.1", [hex: :db_connection, repo: "hexpm", optional: false]}, {:decimal, "~> 1.0", [hex: :decimal, repo: "hexpm", optional: false]}], "hexpm"},
  "ranch": {:hex, :ranch, "1.3.2", "e4965a144dc9fbe70e5c077c65e73c57165416a901bd02ea899cfd95aa890986", [:rebar3], [], "hexpm"},
  "recaptcha": {:hex, :recaptcha, "2.2.1", "3d11ac2322d75bb95ae15f8445f690a15b7bdce1d8bb611cc401edf732db9657", [:mix], [{:httpoison, "~> 0.12.0", [hex: :httpoison, repo: "hexpm", optional: false]}, {:poison, "~> 3.1.0 or ~> 2.2.0 or ~> 1.5.2", [hex: :poison, repo: "hexpm", optional: false]}], "hexpm"},
  "remote_ip": {:hex, :remote_ip, "0.1.3", "9175e63ce23eece9253bdd17edbd2262bd91c5b700987f6ce0044e504ba42089", [:mix], [{:combine, "~> 0.9.2", [hex: :combine, repo: "hexpm", optional: false]}, {:inet_cidr, "~> 1.0", [hex: :inet_cidr, repo: "hexpm", optional: false]}, {:plug, "~> 1.2", [hex: :plug, repo: "hexpm", optional: false]}], "hexpm"},
  "scout_apm": {:hex, :scout_apm, "0.3.2", "605c6edd3f06a51ef6f81326510efbd884ebd76b6bd0c45ac064ae091f5b8bba", [:mix], [{:approximate_histogram, "~>0.1.1", [hex: :approximate_histogram, repo: "hexpm", optional: false]}, {:hackney, "~> 1.0", [hex: :hackney, repo: "hexpm", optional: false]}, {:plug, "~>1.0", [hex: :plug, repo: "hexpm", optional: false]}, {:poison, ">= 0.0.0", [hex: :poison, repo: "hexpm", optional: false]}], "hexpm"},
  "scrivener": {:hex, :scrivener, "2.3.0", "16b1d744202d47233798205447b35592d96a209241c566304f84ddef63c718b2", [:mix], [], "hexpm"},
  "scrivener_ecto": {:hex, :scrivener_ecto, "1.2.2", "811e4016dc19836a12c746989d2b9b495c3a9e739a2531c4b58226219109ff51", [:mix], [{:ecto, "~> 2.0", [hex: :ecto, repo: "hexpm", optional: false]}, {:postgrex, "~> 0.11.0 or ~> 0.12.0 or ~> 0.13.0", [hex: :postgrex, repo: "hexpm", optional: true]}, {:scrivener, "~> 2.3", [hex: :scrivener, repo: "hexpm", optional: false]}], "hexpm"},
  "secure_random": {:hex, :secure_random, "0.5.1", "c5532b37c89d175c328f5196a0c2a5680b15ebce3e654da37129a9fe40ebf51b", [:mix], [], "hexpm"},
  "sentry": {:hex, :sentry, "5.0.1", "05b8e9330b506e17f6171869cbfc169e9db98db5a34ff2ef00686af0361c7055", [:mix], [{:hackney, "~> 1.8.0 or 1.6.5", [hex: :hackney, repo: "hexpm", optional: false]}, {:plug, "~> 1.0", [hex: :plug, repo: "hexpm", optional: true]}, {:poison, "~> 1.5 or ~> 2.0 or ~> 3.0", [hex: :poison, repo: "hexpm", optional: false]}, {:uuid, "~> 1.0", [hex: :uuid, repo: "hexpm", optional: false]}], "hexpm"},
  "ssl_verify_fun": {:hex, :ssl_verify_fun, "1.1.1", "28a4d65b7f59893bc2c7de786dec1e1555bd742d336043fe644ae956c3497fbe", [:make, :rebar], [], "hexpm"},
  "stripity_stripe": {:hex, :stripity_stripe, "1.6.0", "9aa05206cb7f27522fd70f0c31c2382045e4bb45b937fde6fb1d7b81a5abbb71", [:mix], [{:httpoison, ">= 0.0.0", [hex: :httpoison, repo: "hexpm", optional: false]}, {:poison, ">= 0.0.0", [hex: :poison, repo: "hexpm", optional: true]}], "hexpm"},
  "sweet_xml": {:hex, :sweet_xml, "0.6.5", "dd9cde443212b505d1b5f9758feb2000e66a14d3c449f04c572f3048c66e6697", [:mix], [], "hexpm"},
  "timex": {:hex, :timex, "3.1.24", "d198ae9783ac807721cca0c5535384ebdf99da4976be8cefb9665a9262a1e9e3", [:mix], [{:combine, "~> 0.7", [hex: :combine, repo: "hexpm", optional: false]}, {:gettext, "~> 0.10", [hex: :gettext, repo: "hexpm", optional: false]}, {:tzdata, "~> 0.1.8 or ~> 0.5", [hex: :tzdata, repo: "hexpm", optional: false]}], "hexpm"},
  "timex_ecto": {:hex, :timex_ecto, "3.1.1", "37d54f6879d96a6789bb497296531cfb853631de78e152969d95cff03c1368dd", [:mix], [{:ecto, "~> 2.1.0", [hex: :ecto, repo: "hexpm", optional: false]}, {:timex, "~> 3.0", [hex: :timex, repo: "hexpm", optional: false]}], "hexpm"},
  "tzdata": {:hex, :tzdata, "0.5.12", "1c17b68692c6ba5b6ab15db3d64cc8baa0f182043d5ae9d4b6d35d70af76f67b", [:mix], [{:hackney, "~> 1.0", [hex: :hackney, repo: "hexpm", optional: false]}], "hexpm"},
  "unicode_util_compat": {:hex, :unicode_util_compat, "0.3.1", "a1f612a7b512638634a603c8f401892afbf99b8ce93a45041f8aaca99cadb85e", [:rebar3], [], "hexpm"},
  "uuid": {:hex, :uuid, "1.1.7", "007afd58273bc0bc7f849c3bdc763e2f8124e83b957e515368c498b641f7ab69", [:mix], [], "hexpm"},
  "wallaby": {:hex, :wallaby, "0.20.0", "cc6663555ff7b05afbebb2a8b461d18a5b321658b9017f7bc77d494b7063266a", [:mix], [{:httpoison, "~> 0.12", [hex: :httpoison, repo: "hexpm", optional: false]}, {:poison, ">= 1.4.0", [hex: :poison, repo: "hexpm", optional: false]}, {:poolboy, "~> 1.5", [hex: :poolboy, repo: "hexpm", optional: false]}], "hexpm"},
}
